
Microsoft Visual Studio Solution File, Format Version 12.00
# Visual Studio Version 16
VisualStudioVersion = 16.0.30503.244
MinimumVisualStudioVersion = 10.0.40219.1
Project("{9A19103F-16F7-4668-BE54-9A1E7A4F7556}") = "GoogleApi", "GoogleApi\GoogleApi.csproj", "{2F69C80B-1B9B-4DCD-9176-BC1B1E9F7B71}"
EndProject
Project("{9A19103F-16F7-4668-BE54-9A1E7A4F7556}") = "TspRouting.WebUI", "TspRouting.WebUI\TspRouting.WebUI.csproj", "{3E6A015D-8514-4736-A5C2-69B04F52E0A2}"
EndProject
Global
	GlobalSection(SolutionConfigurationPlatforms) = preSolution
		Debug|Any CPU = Debug|Any CPU
		Release|Any CPU = Release|Any CPU
	EndGlobalSection
	GlobalSection(ProjectConfigurationPlatforms) = postSolution
		{2F69C80B-1B9B-4DCD-9176-BC1B1E9F7B71}.Debug|Any CPU.ActiveCfg = Debug|Any CPU
		{2F69C80B-1B9B-4DCD-9176-BC1B1E9F7B71}.Debug|Any CPU.Build.0 = Debug|Any CPU
		{2F69C80B-1B9B-4DCD-9176-BC1B1E9F7B71}.Release|Any CPU.ActiveCfg = Release|Any CPU
		{2F69C80B-1B9B-4DCD-9176-BC1B1E9F7B71}.Release|Any CPU.Build.0 = Release|Any CPU
		{3E6A015D-8514-4736-A5C2-69B04F52E0A2}.Debug|Any CPU.ActiveCfg = Debug|Any CPU
		{3E6A015D-8514-4736-A5C2-69B04F52E0A2}.Debug|Any CPU.Build.0 = Debug|Any CPU
		{3E6A015D-8514-4736-A5C2-69B04F52E0A2}.Release|Any CPU.ActiveCfg = Release|Any CPU
		{3E6A015D-8514-4736-A5C2-69B04F52E0A2}.Release|Any CPU.Build.0 = Release|Any CPU
	EndGlobalSection
	GlobalSection(SolutionProperties) = preSolution
		HideSolutionNode = FALSE
	EndGlobalSection
	GlobalSection(ExtensibilityGlobals) = postSolution
		SolutionGuid = {DA9E94B3-A8B7-4787-90F2-A37DFCFD0B2A}
	EndGlobalSection
EndGlobal
